# THIS IS AN AUTOGENERATED FILE. DO NOT EDIT THIS FILE DIRECTLY.
# yarn lockfile v1


"@vuepress/plugin-google-analytics@^1.0.3":
  version "1.0.3"
  resolved "https://registry.yarnpkg.com/@vuepress/plugin-google-analytics/-/plugin-google-analytics-1.0.3.tgz#2c36584d473d6d21b0880719afc83bd5b40e778b"
  integrity sha512-mqFFQSJjQp5zscZJ0Ik+YDLV7sZSAO8w13CG8c5WsUCjy+0oWhqAw/NjpVrEK8Y/PdYPe4l/OE5jMUU5AqRRjg==
